{
  "name": "12-column-grid",
  "version": "1.0.0",
  "lockfileVersion": 1,
  "requires": true,
  "dependencies": {
    "flexgrid-system": {
      "version": "2.4.3",
      "resolved": "https://registry.npmjs.org/flexgrid-system/-/flexgrid-system-2.4.3.tgz",
      "integrity": "sha512-0n+VmiFQX6s0ixXZPrV+bby6lh8bYO3eMqS5lm9PyQppLSBHuIVUGhiAU07llUh1u/j8CxpMRFnUlbqMo5gACA=="
    }
  }
}
